// !$*UTF8*$!
{
	archiveVersion = 1;
	classes = {
	};
	objectVersion = 56;
	objects = {

/* Begin PBXBuildFile section */
		3E5A31DC2CA31100005EA229 /* Injected.swift in Sources */ = {isa = PBXBuildFile; fileRef = 3E5A31DB2CA31100005EA229 /* Injected.swift */; };
		3E5A31DE2CA3111F005EA229 /* DependencyInjector.swift in Sources */ = {isa = PBXBuildFile; fileRef = 3E5A31DD2CA3111F005EA229 /* DependencyInjector.swift */; };
		3E5A31E12CA311DD005EA229 /* CodeEditorFactory.swift in Sources */ = {isa = PBXBuildFile; fileRef = 3E5A31E02CA311DD005EA229 /* CodeEditorFactory.swift */; };
		3E5A31E32CA31206005EA229 /* CodeOutputFactory.swift in Sources */ = {isa = PBXBuildFile; fileRef = 3E5A31E22CA31206005EA229 /* CodeOutputFactory.swift */; };
		3E5A31E52CA31255005EA229 /* NavigationStackFactory.swift in Sources */ = {isa = PBXBuildFile; fileRef = 3E5A31E42CA31255005EA229 /* NavigationStackFactory.swift */; };
		3E9CEAB12CA1AAAF0069BBF4 /* CodeEditorView in Frameworks */ = {isa = PBXBuildFile; productRef = 3E9CEAB02CA1AAAF0069BBF4 /* CodeEditorView */; };
		3E9CEAB32CA1AAAF0069BBF4 /* LanguageSupport in Frameworks */ = {isa = PBXBuildFile; productRef = 3E9CEAB22CA1AAAF0069BBF4 /* LanguageSupport */; };
		3E9CEAB62CA1B06E0069BBF4 /*  LanguageConfiguration+Javascript.swift in Sources */ = {isa = PBXBuildFile; fileRef = 3E9CEAB52CA1B06E0069BBF4 /*  LanguageConfiguration+Javascript.swift */; };
		3E9CEAB82CA1C62A0069BBF4 /* IPadOSRouter.swift in Sources */ = {isa = PBXBuildFile; fileRef = 3E9CEAB72CA1C62A0069BBF4 /* IPadOSRouter.swift */; };
		3E9CEABA2CA1C68E0069BBF4 /* NavigationStackIPadOSView.swift in Sources */ = {isa = PBXBuildFile; fileRef = 3E9CEAB92CA1C68E0069BBF4 /* NavigationStackIPadOSView.swift */; };
		3E9CEABD2CA2C4A70069BBF4 /* SplitView in Frameworks */ = {isa = PBXBuildFile; productRef = 3E9CEABC2CA2C4A70069BBF4 /* SplitView */; };
		3EA3DDB62C9F15C900976AEF /* CodeCraftApp.swift in Sources */ = {isa = PBXBuildFile; fileRef = 3EA3DDB52C9F15C900976AEF /* CodeCraftApp.swift */; };
		3EA3DDBA2C9F15CA00976AEF /* Assets.xcassets in Resources */ = {isa = PBXBuildFile; fileRef = 3EA3DDB92C9F15CA00976AEF /* Assets.xcassets */; };
		3EA3DDBE2C9F15CA00976AEF /* Preview Assets.xcassets in Resources */ = {isa = PBXBuildFile; fileRef = 3EA3DDBD2C9F15CA00976AEF /* Preview Assets.xcassets */; };
		3EA3DDD22C9F15CA00976AEF /* CodeCraftUITests.swift in Sources */ = {isa = PBXBuildFile; fileRef = 3EA3DDD12C9F15CA00976AEF /* CodeCraftUITests.swift */; };
		3EA3DDD42C9F15CA00976AEF /* CodeCraftUITestsLaunchTests.swift in Sources */ = {isa = PBXBuildFile; fileRef = 3EA3DDD32C9F15CA00976AEF /* CodeCraftUITestsLaunchTests.swift */; };
		3EA3DDE32C9F246500976AEF /* CodeExecutionEngine.swift in Sources */ = {isa = PBXBuildFile; fileRef = 3EA3DDE22C9F246500976AEF /* CodeExecutionEngine.swift */; };
		3EA3DDE52C9F25F800976AEF /* CodeExecutionJsEngine.swift in Sources */ = {isa = PBXBuildFile; fileRef = 3EA3DDE42C9F25F800976AEF /* CodeExecutionJsEngine.swift */; };
		3EA3DDE72C9F629700976AEF /* CodeExecutionJsEngineTest.swift in Sources */ = {isa = PBXBuildFile; fileRef = 3EA3DDE62C9F629700976AEF /* CodeExecutionJsEngineTest.swift */; };
		3EA3DDE92C9FFBB600976AEF /* CodeExecutionRepository.swift in Sources */ = {isa = PBXBuildFile; fileRef = 3EA3DDE82C9FFBB600976AEF /* CodeExecutionRepository.swift */; };
		3EA3DDEB2C9FFBEE00976AEF /* CodeExecutionDefaultRepository.swift in Sources */ = {isa = PBXBuildFile; fileRef = 3EA3DDEA2C9FFBEE00976AEF /* CodeExecutionDefaultRepository.swift */; };
		3EA3DDEE2C9FFCB200976AEF /* CodeEditorViewModel.swift in Sources */ = {isa = PBXBuildFile; fileRef = 3EA3DDED2C9FFCB200976AEF /* CodeEditorViewModel.swift */; };
		3EA3DDF12C9FFD0200976AEF /* CodeOutputViewModel.swift in Sources */ = {isa = PBXBuildFile; fileRef = 3EA3DDF02C9FFD0200976AEF /* CodeOutputViewModel.swift */; };
		3EA3DDF32C9FFD7100976AEF /* CodeEditorView.swift in Sources */ = {isa = PBXBuildFile; fileRef = 3EA3DDF22C9FFD7100976AEF /* CodeEditorView.swift */; };
		3EA3DDF52C9FFDCE00976AEF /* CodeOutputView.swift in Sources */ = {isa = PBXBuildFile; fileRef = 3EA3DDF42C9FFDCE00976AEF /* CodeOutputView.swift */; };
		3EA3DDF92CA0061600976AEF /* Router.swift in Sources */ = {isa = PBXBuildFile; fileRef = 3EA3DDF82CA0061600976AEF /* Router.swift */; };
		3EA3DDFB2CA006B100976AEF /* IOSRouter.swift in Sources */ = {isa = PBXBuildFile; fileRef = 3EA3DDFA2CA006B100976AEF /* IOSRouter.swift */; };
		3EA3DDFE2CA0076700976AEF /* NavigationStackIOSView.swift in Sources */ = {isa = PBXBuildFile; fileRef = 3EA3DDFD2CA0076700976AEF /* NavigationStackIOSView.swift */; };
		3EA3DE012CA025C100976AEF /* Subject+AssertReceivedOutput.swift in Sources */ = {isa = PBXBuildFile; fileRef = 3EA3DE002CA025C100976AEF /* Subject+AssertReceivedOutput.swift */; };
/* End PBXBuildFile section */

/* Begin PBXContainerItemProxy section */
		3EA3DDC42C9F15CA00976AEF /* PBXContainerItemProxy */ = {
			isa = PBXContainerItemProxy;
			containerPortal = 3EA3DDAA2C9F15C900976AEF /* Project object */;
			proxyType = 1;
			remoteGlobalIDString = 3EA3DDB12C9F15C900976AEF;
			remoteInfo = CodeCraft;
		};
		3EA3DDCE2C9F15CA00976AEF /* PBXContainerItemProxy */ = {
			isa = PBXContainerItemProxy;
			containerPortal = 3EA3DDAA2C9F15C900976AEF /* Project object */;
			proxyType = 1;
			remoteGlobalIDString = 3EA3DDB12C9F15C900976AEF;
			remoteInfo = CodeCraft;
		};
/* End PBXContainerItemProxy section */

/* Begin PBXFileReference section */
		3E5A31DB2CA31100005EA229 /* Injected.swift */ = {isa = PBXFileReference; lastKnownFileType = sourcecode.swift; path = Injected.swift; sourceTree = "<group>"; };
		3E5A31DD2CA3111F005EA229 /* DependencyInjector.swift */ = {isa = PBXFileReference; lastKnownFileType = sourcecode.swift; path = DependencyInjector.swift; sourceTree = "<group>"; };
		3E5A31E02CA311DD005EA229 /* CodeEditorFactory.swift */ = {isa = PBXFileReference; lastKnownFileType = sourcecode.swift; path = CodeEditorFactory.swift; sourceTree = "<group>"; };
		3E5A31E22CA31206005EA229 /* CodeOutputFactory.swift */ = {isa = PBXFileReference; lastKnownFileType = sourcecode.swift; path = CodeOutputFactory.swift; sourceTree = "<group>"; };
		3E5A31E42CA31255005EA229 /* NavigationStackFactory.swift */ = {isa = PBXFileReference; lastKnownFileType = sourcecode.swift; path = NavigationStackFactory.swift; sourceTree = "<group>"; };
		3E9CEAB52CA1B06E0069BBF4 /*  LanguageConfiguration+Javascript.swift */ = {isa = PBXFileReference; lastKnownFileType = sourcecode.swift; path = " LanguageConfiguration+Javascript.swift"; sourceTree = "<group>"; };
		3E9CEAB72CA1C62A0069BBF4 /* IPadOSRouter.swift */ = {isa = PBXFileReference; lastKnownFileType = sourcecode.swift; path = IPadOSRouter.swift; sourceTree = "<group>"; };
		3E9CEAB92CA1C68E0069BBF4 /* NavigationStackIPadOSView.swift */ = {isa = PBXFileReference; lastKnownFileType = sourcecode.swift; path = NavigationStackIPadOSView.swift; sourceTree = "<group>"; };
		3EA3DDB22C9F15C900976AEF /* CodeCraft.app */ = {isa = PBXFileReference; explicitFileType = wrapper.application; includeInIndex = 0; path = CodeCraft.app; sourceTree = BUILT_PRODUCTS_DIR; };
		3EA3DDB52C9F15C900976AEF /* CodeCraftApp.swift */ = {isa = PBXFileReference; lastKnownFileType = sourcecode.swift; path = CodeCraftApp.swift; sourceTree = "<group>"; };
		3EA3DDB92C9F15CA00976AEF /* Assets.xcassets */ = {isa = PBXFileReference; lastKnownFileType = folder.assetcatalog; path = Assets.xcassets; sourceTree = "<group>"; };
		3EA3DDBB2C9F15CA00976AEF /* CodeCraft.entitlements */ = {isa = PBXFileReference; lastKnownFileType = text.plist.entitlements; path = CodeCraft.entitlements; sourceTree = "<group>"; };
		3EA3DDBD2C9F15CA00976AEF /* Preview Assets.xcassets */ = {isa = PBXFileReference; lastKnownFileType = folder.assetcatalog; path = "Preview Assets.xcassets"; sourceTree = "<group>"; };
		3EA3DDC32C9F15CA00976AEF /* CodeCraftTests.xctest */ = {isa = PBXFileReference; explicitFileType = wrapper.cfbundle; includeInIndex = 0; path = CodeCraftTests.xctest; sourceTree = BUILT_PRODUCTS_DIR; };
		3EA3DDCD2C9F15CA00976AEF /* CodeCraftUITests.xctest */ = {isa = PBXFileReference; explicitFileType = wrapper.cfbundle; includeInIndex = 0; path = CodeCraftUITests.xctest; sourceTree = BUILT_PRODUCTS_DIR; };
		3EA3DDD12C9F15CA00976AEF /* CodeCraftUITests.swift */ = {isa = PBXFileReference; lastKnownFileType = sourcecode.swift; path = CodeCraftUITests.swift; sourceTree = "<group>"; };
		3EA3DDD32C9F15CA00976AEF /* CodeCraftUITestsLaunchTests.swift */ = {isa = PBXFileReference; lastKnownFileType = sourcecode.swift; path = CodeCraftUITestsLaunchTests.swift; sourceTree = "<group>"; };
		3EA3DDE22C9F246500976AEF /* CodeExecutionEngine.swift */ = {isa = PBXFileReference; lastKnownFileType = sourcecode.swift; path = CodeExecutionEngine.swift; sourceTree = "<group>"; };
		3EA3DDE42C9F25F800976AEF /* CodeExecutionJsEngine.swift */ = {isa = PBXFileReference; lastKnownFileType = sourcecode.swift; path = CodeExecutionJsEngine.swift; sourceTree = "<group>"; };
		3EA3DDE62C9F629700976AEF /* CodeExecutionJsEngineTest.swift */ = {isa = PBXFileReference; lastKnownFileType = sourcecode.swift; path = CodeExecutionJsEngineTest.swift; sourceTree = "<group>"; };
		3EA3DDE82C9FFBB600976AEF /* CodeExecutionRepository.swift */ = {isa = PBXFileReference; lastKnownFileType = sourcecode.swift; path = CodeExecutionRepository.swift; sourceTree = "<group>"; };
		3EA3DDEA2C9FFBEE00976AEF /* CodeExecutionDefaultRepository.swift */ = {isa = PBXFileReference; lastKnownFileType = sourcecode.swift; path = CodeExecutionDefaultRepository.swift; sourceTree = "<group>"; };
		3EA3DDED2C9FFCB200976AEF /* CodeEditorViewModel.swift */ = {isa = PBXFileReference; lastKnownFileType = sourcecode.swift; path = CodeEditorViewModel.swift; sourceTree = "<group>"; };
		3EA3DDF02C9FFD0200976AEF /* CodeOutputViewModel.swift */ = {isa = PBXFileReference; lastKnownFileType = sourcecode.swift; path = CodeOutputViewModel.swift; sourceTree = "<group>"; };
		3EA3DDF22C9FFD7100976AEF /* CodeEditorView.swift */ = {isa = PBXFileReference; lastKnownFileType = sourcecode.swift; path = CodeEditorView.swift; sourceTree = "<group>"; };
		3EA3DDF42C9FFDCE00976AEF /* CodeOutputView.swift */ = {isa = PBXFileReference; lastKnownFileType = sourcecode.swift; path = CodeOutputView.swift; sourceTree = "<group>"; };
		3EA3DDF82CA0061600976AEF /* Router.swift */ = {isa = PBXFileReference; lastKnownFileType = sourcecode.swift; path = Router.swift; sourceTree = "<group>"; };
		3EA3DDFA2CA006B100976AEF /* IOSRouter.swift */ = {isa = PBXFileReference; lastKnownFileType = sourcecode.swift; path = IOSRouter.swift; sourceTree = "<group>"; };
		3EA3DDFD2CA0076700976AEF /* NavigationStackIOSView.swift */ = {isa = PBXFileReference; lastKnownFileType = sourcecode.swift; path = NavigationStackIOSView.swift; sourceTree = "<group>"; };
		3EA3DE002CA025C100976AEF /* Subject+AssertReceivedOutput.swift */ = {isa = PBXFileReference; lastKnownFileType = sourcecode.swift; path = "Subject+AssertReceivedOutput.swift"; sourceTree = "<group>"; };
/* End PBXFileReference section */

/* Begin PBXFrameworksBuildPhase section */
		3EA3DDAF2C9F15C900976AEF /* Frameworks */ = {
			isa = PBXFrameworksBuildPhase;
			buildActionMask = 2147483647;
			files = (
				3E9CEAB32CA1AAAF0069BBF4 /* LanguageSupport in Frameworks */,
				3E9CEAB12CA1AAAF0069BBF4 /* CodeEditorView in Frameworks */,
				3E9CEABD2CA2C4A70069BBF4 /* SplitView in Frameworks */,
			);
			runOnlyForDeploymentPostprocessing = 0;
		};
		3EA3DDC02C9F15CA00976AEF /* Frameworks */ = {
			isa = PBXFrameworksBuildPhase;
			buildActionMask = 2147483647;
			files = (
			);
			runOnlyForDeploymentPostprocessing = 0;
		};
		3EA3DDCA2C9F15CA00976AEF /* Frameworks */ = {
			isa = PBXFrameworksBuildPhase;
			buildActionMask = 2147483647;
			files = (
			);
			runOnlyForDeploymentPostprocessing = 0;
		};
/* End PBXFrameworksBuildPhase section */

/* Begin PBXGroup section */
		3E5A31D92CA310AB005EA229 /* Services */ = {
			isa = PBXGroup;
			children = (
				3EA3DDF62CA0059400976AEF /* CodeExecution */,
				3EA3DDFC2CA0074400976AEF /* Router */,
			);
			path = Services;
			sourceTree = "<group>";
		};
		3E5A31DA2CA310D4005EA229 /* Utilities */ = {
			isa = PBXGroup;
			children = (
				3E9CEAB52CA1B06E0069BBF4 /*  LanguageConfiguration+Javascript.swift */,
				3E5A31DB2CA31100005EA229 /* Injected.swift */,
				3E5A31DD2CA3111F005EA229 /* DependencyInjector.swift */,
			);
			path = Utilities;
			sourceTree = "<group>";
		};
		3E5A31DF2CA3119E005EA229 /* NavigationStack */ = {
			isa = PBXGroup;
			children = (
				3E9CEAB92CA1C68E0069BBF4 /* NavigationStackIPadOSView.swift */,
				3EA3DDFD2CA0076700976AEF /* NavigationStackIOSView.swift */,
				3E5A31E42CA31255005EA229 /* NavigationStackFactory.swift */,
			);
			path = NavigationStack;
			sourceTree = "<group>";
		};
		3EA3DDA92C9F15C900976AEF = {
			isa = PBXGroup;
			children = (
				3EA3DDB42C9F15C900976AEF /* CodeCraft */,
				3EA3DDC62C9F15CA00976AEF /* CodeCraftTests */,
				3EA3DDD02C9F15CA00976AEF /* CodeCraftUITests */,
				3EA3DDB32C9F15C900976AEF /* Products */,
			);
			sourceTree = "<group>";
		};
		3EA3DDB32C9F15C900976AEF /* Products */ = {
			isa = PBXGroup;
			children = (
				3EA3DDB22C9F15C900976AEF /* CodeCraft.app */,
				3EA3DDC32C9F15CA00976AEF /* CodeCraftTests.xctest */,
				3EA3DDCD2C9F15CA00976AEF /* CodeCraftUITests.xctest */,
			);
			name = Products;
			sourceTree = "<group>";
		};
		3EA3DDB42C9F15C900976AEF /* CodeCraft */ = {
			isa = PBXGroup;
			children = (
				3EA3DDB52C9F15C900976AEF /* CodeCraftApp.swift */,
				3EA3DDF72CA005A400976AEF /* Screens */,
				3E5A31D92CA310AB005EA229 /* Services */,
				3E5A31DA2CA310D4005EA229 /* Utilities */,
				3EA3DDB92C9F15CA00976AEF /* Assets.xcassets */,
				3EA3DDBB2C9F15CA00976AEF /* CodeCraft.entitlements */,
				3EA3DDBC2C9F15CA00976AEF /* Preview Content */,
			);
			path = CodeCraft;
			sourceTree = "<group>";
		};
		3EA3DDBC2C9F15CA00976AEF /* Preview Content */ = {
			isa = PBXGroup;
			children = (
				3EA3DDBD2C9F15CA00976AEF /* Preview Assets.xcassets */,
			);
			path = "Preview Content";
			sourceTree = "<group>";
		};
		3EA3DDC62C9F15CA00976AEF /* CodeCraftTests */ = {
			isa = PBXGroup;
			children = (
				3EA3DDFF2CA0259F00976AEF /* Extensions */,
				3EA3DDE62C9F629700976AEF /* CodeExecutionJsEngineTest.swift */,
			);
			path = CodeCraftTests;
			sourceTree = "<group>";
		};
		3EA3DDD02C9F15CA00976AEF /* CodeCraftUITests */ = {
			isa = PBXGroup;
			children = (
				3EA3DDD12C9F15CA00976AEF /* CodeCraftUITests.swift */,
				3EA3DDD32C9F15CA00976AEF /* CodeCraftUITestsLaunchTests.swift */,
			);
			path = CodeCraftUITests;
			sourceTree = "<group>";
		};
		3EA3DDEC2C9FFC9C00976AEF /* CodeEditor */ = {
			isa = PBXGroup;
			children = (
				3EA3DDED2C9FFCB200976AEF /* CodeEditorViewModel.swift */,
				3EA3DDF22C9FFD7100976AEF /* CodeEditorView.swift */,
				3E5A31E02CA311DD005EA229 /* CodeEditorFactory.swift */,
			);
			path = CodeEditor;
			sourceTree = "<group>";
		};
		3EA3DDEF2C9FFCF200976AEF /* CodeOutput */ = {
			isa = PBXGroup;
			children = (
				3EA3DDF02C9FFD0200976AEF /* CodeOutputViewModel.swift */,
				3EA3DDF42C9FFDCE00976AEF /* CodeOutputView.swift */,
				3E5A31E22CA31206005EA229 /* CodeOutputFactory.swift */,
			);
			path = CodeOutput;
			sourceTree = "<group>";
		};
		3EA3DDF62CA0059400976AEF /* CodeExecution */ = {
			isa = PBXGroup;
			children = (
				3EA3DDEA2C9FFBEE00976AEF /* CodeExecutionDefaultRepository.swift */,
				3EA3DDE82C9FFBB600976AEF /* CodeExecutionRepository.swift */,
				3EA3DDE22C9F246500976AEF /* CodeExecutionEngine.swift */,
				3EA3DDE42C9F25F800976AEF /* CodeExecutionJsEngine.swift */,
			);
			path = CodeExecution;
			sourceTree = "<group>";
		};
		3EA3DDF72CA005A400976AEF /* Screens */ = {
			isa = PBXGroup;
			children = (
				3E5A31DF2CA3119E005EA229 /* NavigationStack */,
				3EA3DDEC2C9FFC9C00976AEF /* CodeEditor */,
				3EA3DDEF2C9FFCF200976AEF /* CodeOutput */,
			);
			path = Screens;
			sourceTree = "<group>";
		};
		3EA3DDFC2CA0074400976AEF /* Router */ = {
			isa = PBXGroup;
			children = (
				3EA3DDF82CA0061600976AEF /* Router.swift */,
				3EA3DDFA2CA006B100976AEF /* IOSRouter.swift */,
				3E9CEAB72CA1C62A0069BBF4 /* IPadOSRouter.swift */,
			);
			path = Router;
			sourceTree = "<group>";
		};
		3EA3DDFF2CA0259F00976AEF /* Extensions */ = {
			isa = PBXGroup;
			children = (
				3EA3DE002CA025C100976AEF /* Subject+AssertReceivedOutput.swift */,
			);
			path = Extensions;
			sourceTree = "<group>";
		};
/* End PBXGroup section */

/* Begin PBXNativeTarget section */
		3EA3DDB12C9F15C900976AEF /* CodeCraft */ = {
			isa = PBXNativeTarget;
			buildConfigurationList = 3EA3DDD72C9F15CA00976AEF /* Build configuration list for PBXNativeTarget "CodeCraft" */;
			buildPhases = (
				3EA3DDAE2C9F15C900976AEF /* Sources */,
				3EA3DDAF2C9F15C900976AEF /* Frameworks */,
				3EA3DDB02C9F15C900976AEF /* Resources */,
			);
			buildRules = (
			);
			dependencies = (
			);
			name = CodeCraft;
			packageProductDependencies = (
				3E9CEAB02CA1AAAF0069BBF4 /* CodeEditorView */,
				3E9CEAB22CA1AAAF0069BBF4 /* LanguageSupport */,
				3E9CEABC2CA2C4A70069BBF4 /* SplitView */,
			);
			productName = CodeCraft;
			productReference = 3EA3DDB22C9F15C900976AEF /* CodeCraft.app */;
			productType = "com.apple.product-type.application";
		};
		3EA3DDC22C9F15CA00976AEF /* CodeCraftTests */ = {
			isa = PBXNativeTarget;
			buildConfigurationList = 3EA3DDDA2C9F15CA00976AEF /* Build configuration list for PBXNativeTarget "CodeCraftTests" */;
			buildPhases = (
				3EA3DDBF2C9F15CA00976AEF /* Sources */,
				3EA3DDC02C9F15CA00976AEF /* Frameworks */,
				3EA3DDC12C9F15CA00976AEF /* Resources */,
			);
			buildRules = (
			);
			dependencies = (
				3EA3DDC52C9F15CA00976AEF /* PBXTargetDependency */,
			);
			name = CodeCraftTests;
			productName = CodeCraftTests;
			productReference = 3EA3DDC32C9F15CA00976AEF /* CodeCraftTests.xctest */;
			productType = "com.apple.product-type.bundle.unit-test";
		};
		3EA3DDCC2C9F15CA00976AEF /* CodeCraftUITests */ = {
			isa = PBXNativeTarget;
			buildConfigurationList = 3EA3DDDD2C9F15CA00976AEF /* Build configuration list for PBXNativeTarget "CodeCraftUITests" */;
			buildPhases = (
				3EA3DDC92C9F15CA00976AEF /* Sources */,
				3EA3DDCA2C9F15CA00976AEF /* Frameworks */,
				3EA3DDCB2C9F15CA00976AEF /* Resources */,
			);
			buildRules = (
			);
			dependencies = (
				3EA3DDCF2C9F15CA00976AEF /* PBXTargetDependency */,
			);
			name = CodeCraftUITests;
			productName = CodeCraftUITests;
			productReference = 3EA3DDCD2C9F15CA00976AEF /* CodeCraftUITests.xctest */;
			productType = "com.apple.product-type.bundle.ui-testing";
		};
/* End PBXNativeTarget section */

/* Begin PBXProject section */
		3EA3DDAA2C9F15C900976AEF /* Project object */ = {
			isa = PBXProject;
			attributes = {
				BuildIndependentTargetsInParallel = 1;
				LastSwiftUpdateCheck = 1540;
				LastUpgradeCheck = 1540;
				TargetAttributes = {
					3EA3DDB12C9F15C900976AEF = {
						CreatedOnToolsVersion = 15.4;
					};
					3EA3DDC22C9F15CA00976AEF = {
						CreatedOnToolsVersion = 15.4;
						TestTargetID = 3EA3DDB12C9F15C900976AEF;
					};
					3EA3DDCC2C9F15CA00976AEF = {
						CreatedOnToolsVersion = 15.4;
						TestTargetID = 3EA3DDB12C9F15C900976AEF;
					};
				};
			};
			buildConfigurationList = 3EA3DDAD2C9F15C900976AEF /* Build configuration list for PBXProject "CodeCraft" */;
			compatibilityVersion = "Xcode 14.0";
			developmentRegion = en;
			hasScannedForEncodings = 0;
			knownRegions = (
				en,
				Base,
			);
			mainGroup = 3EA3DDA92C9F15C900976AEF;
			packageReferences = (
				3E9CEAAF2CA1AAAF0069BBF4 /* XCRemoteSwiftPackageReference "CodeEditorView" */,
				3E9CEABB2CA2C4A70069BBF4 /* XCRemoteSwiftPackageReference "SplitView" */,
			);
			productRefGroup = 3EA3DDB32C9F15C900976AEF /* Products */;
			projectDirPath = "";
			projectRoot = "";
			targets = (
				3EA3DDB12C9F15C900976AEF /* CodeCraft */,
				3EA3DDC22C9F15CA00976AEF /* CodeCraftTests */,
				3EA3DDCC2C9F15CA00976AEF /* CodeCraftUITests */,
			);
		};
/* End PBXProject section */

/* Begin PBXResourcesBuildPhase section */
		3EA3DDB02C9F15C900976AEF /* Resources */ = {
			isa = PBXResourcesBuildPhase;
			buildActionMask = 2147483647;
			files = (
				3EA3DDBE2C9F15CA00976AEF /* Preview Assets.xcassets in Resources */,
				3EA3DDBA2C9F15CA00976AEF /* Assets.xcassets in Resources */,
			);
			runOnlyForDeploymentPostprocessing = 0;
		};
		3EA3DDC12C9F15CA00976AEF /* Resources */ = {
			isa = PBXResourcesBuildPhase;
			buildActionMask = 2147483647;
			files = (
			);
			runOnlyForDeploymentPostprocessing = 0;
		};
		3EA3DDCB2C9F15CA00976AEF /* Resources */ = {
			isa = PBXResourcesBuildPhase;
			buildActionMask = 2147483647;
			files = (
			);
			runOnlyForDeploymentPostprocessing = 0;
		};
/* End PBXResourcesBuildPhase section */

/* Begin PBXSourcesBuildPhase section */
		3EA3DDAE2C9F15C900976AEF /* Sources */ = {
			isa = PBXSourcesBuildPhase;
			buildActionMask = 2147483647;
			files = (
				3E9CEAB82CA1C62A0069BBF4 /* IPadOSRouter.swift in Sources */,
				3E5A31E52CA31255005EA229 /* NavigationStackFactory.swift in Sources */,
				3EA3DDE52C9F25F800976AEF /* CodeExecutionJsEngine.swift in Sources */,
				3EA3DDEE2C9FFCB200976AEF /* CodeEditorViewModel.swift in Sources */,
				3EA3DDF92CA0061600976AEF /* Router.swift in Sources */,
				3EA3DDF12C9FFD0200976AEF /* CodeOutputViewModel.swift in Sources */,
				3EA3DDFB2CA006B100976AEF /* IOSRouter.swift in Sources */,
				3EA3DDF32C9FFD7100976AEF /* CodeEditorView.swift in Sources */,
				3E9CEAB62CA1B06E0069BBF4 /*  LanguageConfiguration+Javascript.swift in Sources */,
				3EA3DDE32C9F246500976AEF /* CodeExecutionEngine.swift in Sources */,
				3EA3DDB62C9F15C900976AEF /* CodeCraftApp.swift in Sources */,
				3EA3DDF52C9FFDCE00976AEF /* CodeOutputView.swift in Sources */,
				3EA3DDEB2C9FFBEE00976AEF /* CodeExecutionDefaultRepository.swift in Sources */,
				3EA3DDFE2CA0076700976AEF /* NavigationStackIOSView.swift in Sources */,
				3EA3DDE92C9FFBB600976AEF /* CodeExecutionRepository.swift in Sources */,
				3E5A31E12CA311DD005EA229 /* CodeEditorFactory.swift in Sources */,
				3E9CEABA2CA1C68E0069BBF4 /* NavigationStackIPadOSView.swift in Sources */,
				3E5A31DE2CA3111F005EA229 /* DependencyInjector.swift in Sources */,
				3E5A31DC2CA31100005EA229 /* Injected.swift in Sources */,
				3E5A31E32CA31206005EA229 /* CodeOutputFactory.swift in Sources */,
			);
			runOnlyForDeploymentPostprocessing = 0;
		};
		3EA3DDBF2C9F15CA00976AEF /* Sources */ = {
			isa = PBXSourcesBuildPhase;
			buildActionMask = 2147483647;
			files = (
				3EA3DE012CA025C100976AEF /* Subject+AssertReceivedOutput.swift in Sources */,
				3EA3DDE72C9F629700976AEF /* CodeExecutionJsEngineTest.swift in Sources */,
			);
			runOnlyForDeploymentPostprocessing = 0;
		};
		3EA3DDC92C9F15CA00976AEF /* Sources */ = {
			isa = PBXSourcesBuildPhase;
			buildActionMask = 2147483647;
			files = (
				3EA3DDD42C9F15CA00976AEF /* CodeCraftUITestsLaunchTests.swift in Sources */,
				3EA3DDD22C9F15CA00976AEF /* CodeCraftUITests.swift in Sources */,
			);
			runOnlyForDeploymentPostprocessing = 0;
		};
/* End PBXSourcesBuildPhase section */

/* Begin PBXTargetDependency section */
		3EA3DDC52C9F15CA00976AEF /* PBXTargetDependency */ = {
			isa = PBXTargetDependency;
			target = 3EA3DDB12C9F15C900976AEF /* CodeCraft */;
			targetProxy = 3EA3DDC42C9F15CA00976AEF /* PBXContainerItemProxy */;
		};
		3EA3DDCF2C9F15CA00976AEF /* PBXTargetDependency */ = {
			isa = PBXTargetDependency;
			target = 3EA3DDB12C9F15C900976AEF /* CodeCraft */;
			targetProxy = 3EA3DDCE2C9F15CA00976AEF /* PBXContainerItemProxy */;
		};
/* End PBXTargetDependency section */

/* Begin XCBuildConfiguration section */
		3EA3DDD52C9F15CA00976AEF /* Debug */ = {
			isa = XCBuildConfiguration;
			buildSettings = {
				ALWAYS_SEARCH_USER_PATHS = NO;
				ASSETCATALOG_COMPILER_GENERATE_SWIFT_ASSET_SYMBOL_EXTENSIONS = YES;
				CLANG_ANALYZER_NONNULL = YES;
				CLANG_ANALYZER_NUMBER_OBJECT_CONVERSION = YES_AGGRESSIVE;
				CLANG_CXX_LANGUAGE_STANDARD = "gnu++20";
				CLANG_ENABLE_MODULES = YES;
				CLANG_ENABLE_OBJC_ARC = YES;
				CLANG_ENABLE_OBJC_WEAK = YES;
				CLANG_WARN_BLOCK_CAPTURE_AUTORELEASING = YES;
				CLANG_WARN_BOOL_CONVERSION = YES;
				CLANG_WARN_COMMA = YES;
				CLANG_WARN_CONSTANT_CONVERSION = YES;
				CLANG_WARN_DEPRECATED_OBJC_IMPLEMENTATIONS = YES;
				CLANG_WARN_DIRECT_OBJC_ISA_USAGE = YES_ERROR;
				CLANG_WARN_DOCUMENTATION_COMMENTS = YES;
				CLANG_WARN_EMPTY_BODY = YES;
				CLANG_WARN_ENUM_CONVERSION = YES;
				CLANG_WARN_INFINITE_RECURSION = YES;
				CLANG_WARN_INT_CONVERSION = YES;
				CLANG_WARN_NON_LITERAL_NULL_CONVERSION = YES;
				CLANG_WARN_OBJC_IMPLICIT_RETAIN_SELF = YES;
				CLANG_WARN_OBJC_LITERAL_CONVERSION = YES;
				CLANG_WARN_OBJC_ROOT_CLASS = YES_ERROR;
				CLANG_WARN_QUOTED_INCLUDE_IN_FRAMEWORK_HEADER = YES;
				CLANG_WARN_RANGE_LOOP_ANALYSIS = YES;
				CLANG_WARN_STRICT_PROTOTYPES = YES;
				CLANG_WARN_SUSPICIOUS_MOVE = YES;
				CLANG_WARN_UNGUARDED_AVAILABILITY = YES_AGGRESSIVE;
				CLANG_WARN_UNREACHABLE_CODE = YES;
				CLANG_WARN__DUPLICATE_METHOD_MATCH = YES;
				COPY_PHASE_STRIP = NO;
				DEBUG_INFORMATION_FORMAT = dwarf;
				ENABLE_STRICT_OBJC_MSGSEND = YES;
				ENABLE_TESTABILITY = YES;
				ENABLE_USER_SCRIPT_SANDBOXING = YES;
				GCC_C_LANGUAGE_STANDARD = gnu17;
				GCC_DYNAMIC_NO_PIC = NO;
				GCC_NO_COMMON_BLOCKS = YES;
				GCC_OPTIMIZATION_LEVEL = 0;
				GCC_PREPROCESSOR_DEFINITIONS = (
					"DEBUG=1",
					"$(inherited)",
				);
				GCC_WARN_64_TO_32_BIT_CONVERSION = YES;
				GCC_WARN_ABOUT_RETURN_TYPE = YES_ERROR;
				GCC_WARN_UNDECLARED_SELECTOR = YES;
				GCC_WARN_UNINITIALIZED_AUTOS = YES_AGGRESSIVE;
				GCC_WARN_UNUSED_FUNCTION = YES;
				GCC_WARN_UNUSED_VARIABLE = YES;
				LOCALIZATION_PREFERS_STRING_CATALOGS = YES;
				MTL_ENABLE_DEBUG_INFO = INCLUDE_SOURCE;
				MTL_FAST_MATH = YES;
				ONLY_ACTIVE_ARCH = YES;
				SWIFT_ACTIVE_COMPILATION_CONDITIONS = "DEBUG $(inherited)";
				SWIFT_OPTIMIZATION_LEVEL = "-Onone";
			};
			name = Debug;
		};
		3EA3DDD62C9F15CA00976AEF /* Release */ = {
			isa = XCBuildConfiguration;
			buildSettings = {
				ALWAYS_SEARCH_USER_PATHS = NO;
				ASSETCATALOG_COMPILER_GENERATE_SWIFT_ASSET_SYMBOL_EXTENSIONS = YES;
				CLANG_ANALYZER_NONNULL = YES;
				CLANG_ANALYZER_NUMBER_OBJECT_CONVERSION = YES_AGGRESSIVE;
				CLANG_CXX_LANGUAGE_STANDARD = "gnu++20";
				CLANG_ENABLE_MODULES = YES;
				CLANG_ENABLE_OBJC_ARC = YES;
				CLANG_ENABLE_OBJC_WEAK = YES;
				CLANG_WARN_BLOCK_CAPTURE_AUTORELEASING = YES;
				CLANG_WARN_BOOL_CONVERSION = YES;
				CLANG_WARN_COMMA = YES;
				CLANG_WARN_CONSTANT_CONVERSION = YES;
				CLANG_WARN_DEPRECATED_OBJC_IMPLEMENTATIONS = YES;
				CLANG_WARN_DIRECT_OBJC_ISA_USAGE = YES_ERROR;
				CLANG_WARN_DOCUMENTATION_COMMENTS = YES;
				CLANG_WARN_EMPTY_BODY = YES;
				CLANG_WARN_ENUM_CONVERSION = YES;
				CLANG_WARN_INFINITE_RECURSION = YES;
				CLANG_WARN_INT_CONVERSION = YES;
				CLANG_WARN_NON_LITERAL_NULL_CONVERSION = YES;
				CLANG_WARN_OBJC_IMPLICIT_RETAIN_SELF = YES;
				CLANG_WARN_OBJC_LITERAL_CONVERSION = YES;
				CLANG_WARN_OBJC_ROOT_CLASS = YES_ERROR;
				CLANG_WARN_QUOTED_INCLUDE_IN_FRAMEWORK_HEADER = YES;
				CLANG_WARN_RANGE_LOOP_ANALYSIS = YES;
				CLANG_WARN_STRICT_PROTOTYPES = YES;
				CLANG_WARN_SUSPICIOUS_MOVE = YES;
				CLANG_WARN_UNGUARDED_AVAILABILITY = YES_AGGRESSIVE;
				CLANG_WARN_UNREACHABLE_CODE = YES;
				CLANG_WARN__DUPLICATE_METHOD_MATCH = YES;
				COPY_PHASE_STRIP = NO;
				DEBUG_INFORMATION_FORMAT = "dwarf-with-dsym";
				ENABLE_NS_ASSERTIONS = NO;
				ENABLE_STRICT_OBJC_MSGSEND = YES;
				ENABLE_USER_SCRIPT_SANDBOXING = YES;
				GCC_C_LANGUAGE_STANDARD = gnu17;
				GCC_NO_COMMON_BLOCKS = YES;
				GCC_WARN_64_TO_32_BIT_CONVERSION = YES;
				GCC_WARN_ABOUT_RETURN_TYPE = YES_ERROR;
				GCC_WARN_UNDECLARED_SELECTOR = YES;
				GCC_WARN_UNINITIALIZED_AUTOS = YES_AGGRESSIVE;
				GCC_WARN_UNUSED_FUNCTION = YES;
				GCC_WARN_UNUSED_VARIABLE = YES;
				LOCALIZATION_PREFERS_STRING_CATALOGS = YES;
				MTL_ENABLE_DEBUG_INFO = NO;
				MTL_FAST_MATH = YES;
				SWIFT_COMPILATION_MODE = wholemodule;
			};
			name = Release;
		};
		3EA3DDD82C9F15CA00976AEF /* Debug */ = {
			isa = XCBuildConfiguration;
			buildSettings = {
				ASSETCATALOG_COMPILER_APPICON_NAME = AppIcon;
				ASSETCATALOG_COMPILER_GLOBAL_ACCENT_COLOR_NAME = AccentColor;
				CODE_SIGN_ENTITLEMENTS = CodeCraft/CodeCraft.entitlements;
				CODE_SIGN_STYLE = Automatic;
				CURRENT_PROJECT_VERSION = 1;
				DEVELOPMENT_ASSET_PATHS = "\"CodeCraft/Preview Content\"";
				DEVELOPMENT_TEAM = 2CU6SR888H;
				ENABLE_HARDENED_RUNTIME = YES;
				ENABLE_PREVIEWS = YES;
				GENERATE_INFOPLIST_FILE = YES;
				"INFOPLIST_KEY_UIApplicationSceneManifest_Generation[sdk=iphoneos*]" = YES;
				"INFOPLIST_KEY_UIApplicationSceneManifest_Generation[sdk=iphonesimulator*]" = YES;
				"INFOPLIST_KEY_UIApplicationSupportsIndirectInputEvents[sdk=iphoneos*]" = YES;
				"INFOPLIST_KEY_UIApplicationSupportsIndirectInputEvents[sdk=iphonesimulator*]" = YES;
				"INFOPLIST_KEY_UILaunchScreen_Generation[sdk=iphoneos*]" = YES;
				"INFOPLIST_KEY_UILaunchScreen_Generation[sdk=iphonesimulator*]" = YES;
				"INFOPLIST_KEY_UIStatusBarStyle[sdk=iphoneos*]" = UIStatusBarStyleDefault;
				"INFOPLIST_KEY_UIStatusBarStyle[sdk=iphonesimulator*]" = UIStatusBarStyleDefault;
				INFOPLIST_KEY_UISupportedInterfaceOrientations = UIInterfaceOrientationPortrait;
				INFOPLIST_KEY_UISupportedInterfaceOrientations_iPad = UIInterfaceOrientationLandscapeLeft;
				IPHONEOS_DEPLOYMENT_TARGET = 17.5;
				LD_RUNPATH_SEARCH_PATHS = "@executable_path/Frameworks";
				"LD_RUNPATH_SEARCH_PATHS[sdk=macosx*]" = "@executable_path/../Frameworks";
				MACOSX_DEPLOYMENT_TARGET = 14.5;
				MARKETING_VERSION = 1.0;
				PRODUCT_BUNDLE_IDENTIFIER = CodeCraft.CodeCraft;
				PRODUCT_NAME = "$(TARGET_NAME)";
				SDKROOT = auto;
				SUPPORTED_PLATFORMS = "iphoneos iphonesimulator";
				SUPPORTS_MACCATALYST = NO;
				SWIFT_EMIT_LOC_STRINGS = YES;
				SWIFT_VERSION = 5.0;
				TARGETED_DEVICE_FAMILY = "1,2";
			};
			name = Debug;
		};
		3EA3DDD92C9F15CA00976AEF /* Release */ = {
			isa = XCBuildConfiguration;
			buildSettings = {
				ASSETCATALOG_COMPILER_APPICON_NAME = AppIcon;
				ASSETCATALOG_COMPILER_GLOBAL_ACCENT_COLOR_NAME = AccentColor;
				CODE_SIGN_ENTITLEMENTS = CodeCraft/CodeCraft.entitlements;
				CODE_SIGN_STYLE = Automatic;
				CURRENT_PROJECT_VERSION = 1;
				DEVELOPMENT_ASSET_PATHS = "\"CodeCraft/Preview Content\"";
				DEVELOPMENT_TEAM = 2CU6SR888H;
				ENABLE_HARDENED_RUNTIME = YES;
				ENABLE_PREVIEWS = YES;
				GENERATE_INFOPLIST_FILE = YES;
				"INFOPLIST_KEY_UIApplicationSceneManifest_Generation[sdk=iphoneos*]" = YES;
				"INFOPLIST_KEY_UIApplicationSceneManifest_Generation[sdk=iphonesimulator*]" = YES;
				"INFOPLIST_KEY_UIApplicationSupportsIndirectInputEvents[sdk=iphoneos*]" = YES;
				"INFOPLIST_KEY_UIApplicationSupportsIndirectInputEvents[sdk=iphonesimulator*]" = YES;
				"INFOPLIST_KEY_UILaunchScreen_Generation[sdk=iphoneos*]" = YES;
				"INFOPLIST_KEY_UILaunchScreen_Generation[sdk=iphonesimulator*]" = YES;
				"INFOPLIST_KEY_UIStatusBarStyle[sdk=iphoneos*]" = UIStatusBarStyleDefault;
				"INFOPLIST_KEY_UIStatusBarStyle[sdk=iphonesimulator*]" = UIStatusBarStyleDefault;
				INFOPLIST_KEY_UISupportedInterfaceOrientations = UIInterfaceOrientationPortrait;
				INFOPLIST_KEY_UISupportedInterfaceOrientations_iPad = UIInterfaceOrientationLandscapeLeft;
				IPHONEOS_DEPLOYMENT_TARGET = 17.5;
				LD_RUNPATH_SEARCH_PATHS = "@executable_path/Frameworks";
				"LD_RUNPATH_SEARCH_PATHS[sdk=macosx*]" = "@executable_path/../Frameworks";
				MACOSX_DEPLOYMENT_TARGET = 14.5;
				MARKETING_VERSION = 1.0;
				PRODUCT_BUNDLE_IDENTIFIER = CodeCraft.CodeCraft;
				PRODUCT_NAME = "$(TARGET_NAME)";
				SDKROOT = auto;
				SUPPORTED_PLATFORMS = "iphoneos iphonesimulator";
				SUPPORTS_MACCATALYST = NO;
				SWIFT_EMIT_LOC_STRINGS = YES;
				SWIFT_VERSION = 5.0;
				TARGETED_DEVICE_FAMILY = "1,2";
			};
			name = Release;
		};
		3EA3DDDB2C9F15CA00976AEF /* Debug */ = {
			isa = XCBuildConfiguration;
			buildSettings = {
				ALWAYS_EMBED_SWIFT_STANDARD_LIBRARIES = YES;
				BUNDLE_LOADER = "$(TEST_HOST)";
				CODE_SIGN_STYLE = Automatic;
				CURRENT_PROJECT_VERSION = 1;
				DEVELOPMENT_TEAM = 2CU6SR888H;
				GENERATE_INFOPLIST_FILE = YES;
				IPHONEOS_DEPLOYMENT_TARGET = 17.5;
				MACOSX_DEPLOYMENT_TARGET = 14.5;
				MARKETING_VERSION = 1.0;
				PRODUCT_BUNDLE_IDENTIFIER = CodeCraft.CodeCraftTests;
				PRODUCT_NAME = "$(TARGET_NAME)";
				SDKROOT = auto;
				SUPPORTED_PLATFORMS = "iphoneos iphonesimulator macosx";
				SWIFT_EMIT_LOC_STRINGS = NO;
				SWIFT_VERSION = 5.0;
				TARGETED_DEVICE_FAMILY = "1,2";
				TEST_HOST = "$(BUILT_PRODUCTS_DIR)/CodeCraft.app/$(BUNDLE_EXECUTABLE_FOLDER_PATH)/CodeCraft";
			};
			name = Debug;
		};
		3EA3DDDC2C9F15CA00976AEF /* Release */ = {
			isa = XCBuildConfiguration;
			buildSettings = {
				ALWAYS_EMBED_SWIFT_STANDARD_LIBRARIES = YES;
				BUNDLE_LOADER = "$(TEST_HOST)";
				CODE_SIGN_STYLE = Automatic;
				CURRENT_PROJECT_VERSION = 1;
				DEVELOPMENT_TEAM = 2CU6SR888H;
				GENERATE_INFOPLIST_FILE = YES;
				IPHONEOS_DEPLOYMENT_TARGET = 17.5;
				MACOSX_DEPLOYMENT_TARGET = 14.5;
				MARKETING_VERSION = 1.0;
				PRODUCT_BUNDLE_IDENTIFIER = CodeCraft.CodeCraftTests;
				PRODUCT_NAME = "$(TARGET_NAME)";
				SDKROOT = auto;
				SUPPORTED_PLATFORMS = "iphoneos iphonesimulator macosx";
				SWIFT_EMIT_LOC_STRINGS = NO;
				SWIFT_VERSION = 5.0;
				TARGETED_DEVICE_FAMILY = "1,2";
				TEST_HOST = "$(BUILT_PRODUCTS_DIR)/CodeCraft.app/$(BUNDLE_EXECUTABLE_FOLDER_PATH)/CodeCraft";
			};
			name = Release;
		};
		3EA3DDDE2C9F15CA00976AEF /* Debug */ = {
			isa = XCBuildConfiguration;
			buildSettings = {
				ALWAYS_EMBED_SWIFT_STANDARD_LIBRARIES = YES;
				CODE_SIGN_STYLE = Automatic;
				CURRENT_PROJECT_VERSION = 1;
				DEVELOPMENT_TEAM = 2CU6SR888H;
				GENERATE_INFOPLIST_FILE = YES;
				IPHONEOS_DEPLOYMENT_TARGET = 17.5;
				MACOSX_DEPLOYMENT_TARGET = 14.5;
				MARKETING_VERSION = 1.0;
				PRODUCT_BUNDLE_IDENTIFIER = CodeCraft.CodeCraftUITests;
				PRODUCT_NAME = "$(TARGET_NAME)";
				SDKROOT = auto;
				SUPPORTED_PLATFORMS = "iphoneos iphonesimulator macosx";
				SWIFT_EMIT_LOC_STRINGS = NO;
				SWIFT_VERSION = 5.0;
				TARGETED_DEVICE_FAMILY = "1,2";
				TEST_TARGET_NAME = CodeCraft;
			};
			name = Debug;
		};
		3EA3DDDF2C9F15CA00976AEF /* Release */ = {
			isa = XCBuildConfiguration;
			buildSettings = {
				ALWAYS_EMBED_SWIFT_STANDARD_LIBRARIES = YES;
				CODE_SIGN_STYLE = Automatic;
				CURRENT_PROJECT_VERSION = 1;
				DEVELOPMENT_TEAM = 2CU6SR888H;
				GENERATE_INFOPLIST_FILE = YES;
				IPHONEOS_DEPLOYMENT_TARGET = 17.5;
				MACOSX_DEPLOYMENT_TARGET = 14.5;
				MARKETING_VERSION = 1.0;
				PRODUCT_BUNDLE_IDENTIFIER = CodeCraft.CodeCraftUITests;
				PRODUCT_NAME = "$(TARGET_NAME)";
				SDKROOT = auto;
				SUPPORTED_PLATFORMS = "iphoneos iphonesimulator macosx";
				SWIFT_EMIT_LOC_STRINGS = NO;
				SWIFT_VERSION = 5.0;
				TARGETED_DEVICE_FAMILY = "1,2";
				TEST_TARGET_NAME = CodeCraft;
			};
			name = Release;
		};
/* End XCBuildConfiguration section */

/* Begin XCConfigurationList section */
		3EA3DDAD2C9F15C900976AEF /* Build configuration list for PBXProject "CodeCraft" */ = {
			isa = XCConfigurationList;
			buildConfigurations = (
				3EA3DDD52C9F15CA00976AEF /* Debug */,
				3EA3DDD62C9F15CA00976AEF /* Release */,
			);
			defaultConfigurationIsVisible = 0;
			defaultConfigurationName = Release;
		};
		3EA3DDD72C9F15CA00976AEF /* Build configuration list for PBXNativeTarget "CodeCraft" */ = {
			isa = XCConfigurationList;
			buildConfigurations = (
				3EA3DDD82C9F15CA00976AEF /* Debug */,
				3EA3DDD92C9F15CA00976AEF /* Release */,
			);
			defaultConfigurationIsVisible = 0;
			defaultConfigurationName = Release;
		};
		3EA3DDDA2C9F15CA00976AEF /* Build configuration list for PBXNativeTarget "CodeCraftTests" */ = {
			isa = XCConfigurationList;
			buildConfigurations = (
				3EA3DDDB2C9F15CA00976AEF /* Debug */,
				3EA3DDDC2C9F15CA00976AEF /* Release */,
			);
			defaultConfigurationIsVisible = 0;
			defaultConfigurationName = Release;
		};
		3EA3DDDD2C9F15CA00976AEF /* Build configuration list for PBXNativeTarget "CodeCraftUITests" */ = {
			isa = XCConfigurationList;
			buildConfigurations = (
				3EA3DDDE2C9F15CA00976AEF /* Debug */,
				3EA3DDDF2C9F15CA00976AEF /* Release */,
			);
			defaultConfigurationIsVisible = 0;
			defaultConfigurationName = Release;
		};
/* End XCConfigurationList section */

/* Begin XCRemoteSwiftPackageReference section */
		3E9CEAAF2CA1AAAF0069BBF4 /* XCRemoteSwiftPackageReference "CodeEditorView" */ = {
			isa = XCRemoteSwiftPackageReference;
			repositoryURL = "https://github.com/mchakravarty/CodeEditorView";
			requirement = {
				kind = upToNextMajorVersion;
				minimumVersion = 0.13.0;
			};
		};
		3E9CEABB2CA2C4A70069BBF4 /* XCRemoteSwiftPackageReference "SplitView" */ = {
			isa = XCRemoteSwiftPackageReference;
			repositoryURL = "https://github.com/stevengharris/SplitView";
			requirement = {
				kind = upToNextMajorVersion;
				minimumVersion = 3.5.3;
			};
		};
/* End XCRemoteSwiftPackageReference section */

/* Begin XCSwiftPackageProductDependency section */
		3E9CEAB02CA1AAAF0069BBF4 /* CodeEditorView */ = {
			isa = XCSwiftPackageProductDependency;
			package = 3E9CEAAF2CA1AAAF0069BBF4 /* XCRemoteSwiftPackageReference "CodeEditorView" */;
			productName = CodeEditorView;
		};
		3E9CEAB22CA1AAAF0069BBF4 /* LanguageSupport */ = {
			isa = XCSwiftPackageProductDependency;
			package = 3E9CEAAF2CA1AAAF0069BBF4 /* XCRemoteSwiftPackageReference "CodeEditorView" */;
			productName = LanguageSupport;
		};
		3E9CEABC2CA2C4A70069BBF4 /* SplitView */ = {
			isa = XCSwiftPackageProductDependency;
			package = 3E9CEABB2CA2C4A70069BBF4 /* XCRemoteSwiftPackageReference "SplitView" */;
			productName = SplitView;
		};
/* End XCSwiftPackageProductDependency section */
	};
	rootObject = 3EA3DDAA2C9F15C900976AEF /* Project object */;
}
